PODS:
  - AFNetworking (3.0.4):
    - AFNetworking/NSURLSession (= 3.0.4)
    - AFNetworking/Reachability (= 3.0.4)
    - AFNetworking/Security (= 3.0.4)
    - AFNetworking/Serialization (= 3.0.4)
    - AFNetworking/UIKit (= 3.0.4)
  - AFNetworking/NSURLSession (3.0.4):
    - AFNetworking/Reachability
    - AFNetworking/Security
    - AFNetworking/Serialization
  - AFNetworking/Reachability (3.0.4)
  - AFNetworking/Security (3.0.4)
  - AFNetworking/Serialization (3.0.4)
  - AFNetworking/UIKit (3.0.4):
    - AFNetworking/NSURLSession
  - JSPatch (0.1.5):
    - JSPatch/Core (= 0.1.5)
  - JSPatch/Core (0.1.5)
  - Masonry (0.6.4)
  - MJExtension (3.0.10)
  - NJKWebViewProgress (0.2.3):
    - NJKWebViewProgress/Core (= 0.2.3)
    - NJKWebViewProgress/ProgressView (= 0.2.3)
  - NJKWebViewProgress/Core (0.2.3)
  - NJKWebViewProgress/ProgressView (0.2.3)
  - Reachability (3.2)
  - RRUMessage (0.0.1)
  - SDWebImage (3.7.5):
    - SDWebImage/Core (= 3.7.5)
  - SDWebImage/Core (3.7.5)
  - SVProgressHUD (2.0-beta8)
  - SVPullToRefresh (HEAD based on 0.4.1)
  - UIActivityIndicator-for-SDWebImage (1.2):
    - SDWebImage (~> 3.7)
  - WebViewJavascriptBridge (5.0.5)

DEPENDENCIES:
  - AFNetworking (~> 3.0)
  - JSPatch
  - Masonry
  - MJExtension
  - NJKWebViewProgress
  - Reachability (~> 3.2)
  - RRUMessage (~> 0.0.1)
  - SDWebImage (~> 3.7)
  - SVProgressHUD (~> 2.0-beta8)
  - SVPullToRefresh (HEAD)
  - UIActivityIndicator-for-SDWebImage
  - WebViewJavascriptBridge (~> 5.0)

SPEC CHECKSUMS:
  AFNetworking: a0075feb321559dc78d9d85b55d11caa19eabb93
  JSPatch: 405b5f5990643e6717dd6715ac60d6a2b582a6ba
  Masonry: 281802d04d787ea2973179ee8bcb50500579ede2
  MJExtension: d86aacb740c87519d20e3cca55b6fa4be6cc7548
  NJKWebViewProgress: f481fd424cb5ecc27eacae11b5397db92fba9a4d
  Reachability: 33e18b67625424e47b6cde6d202dce689ad7af96
  RRUMessage: a3cc75a5d81d1d90b41bdb697302977b52d3cd4a
  SDWebImage: 69c6303e3348fba97e03f65d65d4fbc26740f461
  SVProgressHUD: 6e48a1dda09ce3b58adc41d013baed3a8e8980ff
  SVPullToRefresh: ba2e718695a43253d8bea6852d2960097dc15d8c
  UIActivityIndicator-for-SDWebImage: 7bf7ebbf0ed1747dedc0d6e949c4603a6d0f9e0c
  WebViewJavascriptBridge: a4d502315f1b8d9a51cd6a9174147ed567ec3bc5

COCOAPODS: 0.39.0
