// !$*UTF8*$!
{
	archiveVersion = 1;
	classes = {
	};
	objectVersion = 46;
	objects = {

/* Begin PBXBuildFile section */
		0B0821DE1C3067F6EA38B7A9 /* libPods-测试使用afnet.a in Frameworks */ = {isa = PBXBuildFile; fileRef = 95AFD9E190BD12DF9E4FCA03 /* libPods-测试使用afnet.a */; };
		381317441C99491B007EADDB /* test.js in Resources */ = {isa = PBXBuildFile; fileRef = 381317431C99491B007EADDB /* test.js */; };
		3823A2A61CC619F20080D00D /* THActivityView.m in Sources */ = {isa = PBXBuildFile; fileRef = 3823A2A51CC619F20080D00D /* THActivityView.m */; };
		383319E31C7E92BD00680903 /* main.m in Sources */ = {isa = PBXBuildFile; fileRef = 383319E21C7E92BD00680903 /* main.m */; };
		383319E61C7E92BD00680903 /* AppDelegate.m in Sources */ = {isa = PBXBuildFile; fileRef = 383319E51C7E92BD00680903 /* AppDelegate.m */; };
		383319E91C7E92BD00680903 /* ViewController.m in Sources */ = {isa = PBXBuildFile; fileRef = 383319E81C7E92BD00680903 /* ViewController.m */; };
		383319EC1C7E92BD00680903 /* Main.storyboard in Resources */ = {isa = PBXBuildFile; fileRef = 383319EA1C7E92BD00680903 /* Main.storyboard */; };
		383319EE1C7E92BD00680903 /* Assets.xcassets in Resources */ = {isa = PBXBuildFile; fileRef = 383319ED1C7E92BD00680903 /* Assets.xcassets */; };
		383319F11C7E92BD00680903 /* LaunchScreen.storyboard in Resources */ = {isa = PBXBuildFile; fileRef = 383319EF1C7E92BD00680903 /* LaunchScreen.storyboard */; };
		383319FC1C7E92BD00680903 /* ____afnetTests.m in Sources */ = {isa = PBXBuildFile; fileRef = 383319FB1C7E92BD00680903 /* ____afnetTests.m */; };
		38331A071C7E92BD00680903 /* ____afnetUITests.m in Sources */ = {isa = PBXBuildFile; fileRef = 38331A061C7E92BD00680903 /* ____afnetUITests.m */; };
		38D42DB31CBF2E4000E86544 /* TouchIDManager.m in Sources */ = {isa = PBXBuildFile; fileRef = 38D42DB21CBF2E4000E86544 /* TouchIDManager.m */; };
		38DE92C71CC9BB3100689567 /* Dog.m in Sources */ = {isa = PBXBuildFile; fileRef = 38DE92C61CC9BB3100689567 /* Dog.m */; };
		38EB16831CA3C1E300C3C23B /* 效果.gif in Resources */ = {isa = PBXBuildFile; fileRef = 38EB16821CA3C1E300C3C23B /* 效果.gif */; };
		38EB52A71C8FCEEC00C0C310 /* AppDelegate+abc.m in Sources */ = {isa = PBXBuildFile; fileRef = 38EB52A61C8FCEEC00C0C310 /* AppDelegate+abc.m */; };
		38EC441C1CABC9CA0066F9BA /* THPageControl.m in Sources */ = {isa = PBXBuildFile; fileRef = 38EC441B1CABC9CA0066F9BA /* THPageControl.m */; };
		38EFD5A01C96881A00A3EBFA /* Localizable.strings in Resources */ = {isa = PBXBuildFile; fileRef = 38EFD5A21C96881A00A3EBFA /* Localizable.strings */; };
/* End PBXBuildFile section */

/* Begin PBXContainerItemProxy section */
		383319F81C7E92BD00680903 /* PBXContainerItemProxy */ = {
			isa = PBXContainerItemProxy;
			containerPortal = 383319D61C7E92BD00680903 /* Project object */;
			proxyType = 1;
			remoteGlobalIDString = 383319DD1C7E92BD00680903;
			remoteInfo = "测试使用afnet";
		};
		38331A031C7E92BD00680903 /* PBXContainerItemProxy */ = {
			isa = PBXContainerItemProxy;
			containerPortal = 383319D61C7E92BD00680903 /* Project object */;
			proxyType = 1;
			remoteGlobalIDString = 383319DD1C7E92BD00680903;
			remoteInfo = "测试使用afnet";
		};
/* End PBXContainerItemProxy section */

/* Begin PBXFileReference section */
		381317421C9907BE007EADDB /* TestProtolDelegate.h */ = {isa = PBXFileReference; fileEncoding = 4; lastKnownFileType = sourcecode.c.h; path = TestProtolDelegate.h; sourceTree = "<group>"; };
		381317431C99491B007EADDB /* test.js */ = {isa = PBXFileReference; fileEncoding = 4; lastKnownFileType = sourcecode.javascript; path = test.js; sourceTree = "<group>"; };
		3823A2A41CC619F20080D00D /* THActivityView.h */ = {isa = PBXFileReference; fileEncoding = 4; lastKnownFileType = sourcecode.c.h; path = THActivityView.h; sourceTree = "<group>"; };
		3823A2A51CC619F20080D00D /* THActivityView.m */ = {isa = PBXFileReference; fileEncoding = 4; lastKnownFileType = sourcecode.c.objc; path = THActivityView.m; sourceTree = "<group>"; };
		383319DE1C7E92BD00680903 /* 测试使用afnet.app */ = {isa = PBXFileReference; explicitFileType = wrapper.application; includeInIndex = 0; path = "测试使用afnet.app"; sourceTree = BUILT_PRODUCTS_DIR; };
		383319E21C7E92BD00680903 /* main.m */ = {isa = PBXFileReference; lastKnownFileType = sourcecode.c.objc; path = main.m; sourceTree = "<group>"; };
		383319E41C7E92BD00680903 /* AppDelegate.h */ = {isa = PBXFileReference; lastKnownFileType = sourcecode.c.h; path = AppDelegate.h; sourceTree = "<group>"; };
		383319E51C7E92BD00680903 /* AppDelegate.m */ = {isa = PBXFileReference; lastKnownFileType = sourcecode.c.objc; path = AppDelegate.m; sourceTree = "<group>"; };
		383319E71C7E92BD00680903 /* ViewController.h */ = {isa = PBXFileReference; lastKnownFileType = sourcecode.c.h; path = ViewController.h; sourceTree = "<group>"; };
		383319E81C7E92BD00680903 /* ViewController.m */ = {isa = PBXFileReference; lastKnownFileType = sourcecode.c.objc; path = ViewController.m; sourceTree = "<group>"; };
		383319EB1C7E92BD00680903 /* Base */ = {isa = PBXFileReference; lastKnownFileType = file.storyboard; name = Base; path = Base.lproj/Main.storyboard; sourceTree = "<group>"; };
		383319ED1C7E92BD00680903 /* Assets.xcassets */ = {isa = PBXFileReference; lastKnownFileType = folder.assetcatalog; path = Assets.xcassets; sourceTree = "<group>"; };
		383319F01C7E92BD00680903 /* Base */ = {isa = PBXFileReference; lastKnownFileType = file.storyboard; name = Base; path = Base.lproj/LaunchScreen.storyboard; sourceTree = "<group>"; };
		383319F21C7E92BD00680903 /* Info.plist */ = {isa = PBXFileReference; lastKnownFileType = text.plist.xml; path = Info.plist; sourceTree = "<group>"; };
		383319F71C7E92BD00680903 /* 测试使用afnetTests.xctest */ = {isa = PBXFileReference; explicitFileType = wrapper.cfbundle; includeInIndex = 0; path = "测试使用afnetTests.xctest"; sourceTree = BUILT_PRODUCTS_DIR; };
		383319FB1C7E92BD00680903 /* ____afnetTests.m */ = {isa = PBXFileReference; lastKnownFileType = sourcecode.c.objc; path = "____afnetTests.m"; sourceTree = "<group>"; };
		383319FD1C7E92BD00680903 /* Info.plist */ = {isa = PBXFileReference; lastKnownFileType = text.plist.xml; path = Info.plist; sourceTree = "<group>"; };
		38331A021C7E92BD00680903 /* 测试使用afnetUITests.xctest */ = {isa = PBXFileReference; explicitFileType = wrapper.cfbundle; includeInIndex = 0; path = "测试使用afnetUITests.xctest"; sourceTree = BUILT_PRODUCTS_DIR; };
		38331A061C7E92BD00680903 /* ____afnetUITests.m */ = {isa = PBXFileReference; lastKnownFileType = sourcecode.c.objc; path = "____afnetUITests.m"; sourceTree = "<group>"; };
		38331A081C7E92BD00680903 /* Info.plist */ = {isa = PBXFileReference; lastKnownFileType = text.plist.xml; path = Info.plist; sourceTree = "<group>"; };
		38D42DB11CBF2E4000E86544 /* TouchIDManager.h */ = {isa = PBXFileReference; fileEncoding = 4; lastKnownFileType = sourcecode.c.h; path = TouchIDManager.h; sourceTree = "<group>"; };
		38D42DB21CBF2E4000E86544 /* TouchIDManager.m */ = {isa = PBXFileReference; fileEncoding = 4; lastKnownFileType = sourcecode.c.objc; path = TouchIDManager.m; sourceTree = "<group>"; };
		38DE92C51CC9BB3100689567 /* Dog.h */ = {isa = PBXFileReference; fileEncoding = 4; lastKnownFileType = sourcecode.c.h; path = Dog.h; sourceTree = "<group>"; };
		38DE92C61CC9BB3100689567 /* Dog.m */ = {isa = PBXFileReference; fileEncoding = 4; lastKnownFileType = sourcecode.c.objc; path = Dog.m; sourceTree = "<group>"; };
		38EB16821CA3C1E300C3C23B /* 效果.gif */ = {isa = PBXFileReference; lastKnownFileType = image.gif; path = "效果.gif"; sourceTree = "<group>"; };
		38EB52A51C8FCEEC00C0C310 /* AppDelegate+abc.h */ = {isa = PBXFileReference; fileEncoding = 4; lastKnownFileType = sourcecode.c.h; path = "AppDelegate+abc.h"; sourceTree = "<group>"; };
		38EB52A61C8FCEEC00C0C310 /* AppDelegate+abc.m */ = {isa = PBXFileReference; fileEncoding = 4; lastKnownFileType = sourcecode.c.objc; path = "AppDelegate+abc.m"; sourceTree = "<group>"; };
		38EBF3D71C979CB900A53A8B /* Header.h */ = {isa = PBXFileReference; lastKnownFileType = sourcecode.c.h; path = Header.h; sourceTree = "<group>"; };
		38EC441A1CABC9CA0066F9BA /* THPageControl.h */ = {isa = PBXFileReference; fileEncoding = 4; lastKnownFileType = sourcecode.c.h; path = THPageControl.h; sourceTree = "<group>"; };
		38EC441B1CABC9CA0066F9BA /* THPageControl.m */ = {isa = PBXFileReference; fileEncoding = 4; lastKnownFileType = sourcecode.c.objc; path = THPageControl.m; sourceTree = "<group>"; };
		38EFD5A11C96881A00A3EBFA /* en */ = {isa = PBXFileReference; lastKnownFileType = text.plist.strings; name = en; path = en.lproj/Localizable.strings; sourceTree = "<group>"; };
		38EFD5A31C96887700A3EBFA /* zh-Hans */ = {isa = PBXFileReference; lastKnownFileType = text.plist.strings; name = "zh-Hans"; path = "zh-Hans.lproj/Localizable.strings"; sourceTree = "<group>"; };
		38EFD5A41C96887700A3EBFA /* zh-Hans */ = {isa = PBXFileReference; lastKnownFileType = text.plist.strings; name = "zh-Hans"; path = "zh-Hans.lproj/Main.strings"; sourceTree = "<group>"; };
		38EFD5A51C96887700A3EBFA /* zh-Hans */ = {isa = PBXFileReference; lastKnownFileType = text.plist.strings; name = "zh-Hans"; path = "zh-Hans.lproj/LaunchScreen.strings"; sourceTree = "<group>"; };
		38EFD5A61C96891800A3EBFA /* es */ = {isa = PBXFileReference; lastKnownFileType = text.plist.strings; name = es; path = es.lproj/Main.strings; sourceTree = "<group>"; };
		38EFD5A71C96891800A3EBFA /* es */ = {isa = PBXFileReference; lastKnownFileType = text.plist.strings; name = es; path = es.lproj/LaunchScreen.strings; sourceTree = "<group>"; };
		38EFD5A81C96891800A3EBFA /* es */ = {isa = PBXFileReference; lastKnownFileType = text.plist.strings; name = es; path = es.lproj/Localizable.strings; sourceTree = "<group>"; };
		95AFD9E190BD12DF9E4FCA03 /* libPods-测试使用afnet.a */ = {isa = PBXFileReference; explicitFileType = archive.ar; includeInIndex = 0; path = "libPods-测试使用afnet.a"; sourceTree = BUILT_PRODUCTS_DIR; };
		A13DA096A533D6159EB3A030 /* Pods-测试使用afnet.release.xcconfig */ = {isa = PBXFileReference; includeInIndex = 1; lastKnownFileType = text.xcconfig; name = "Pods-测试使用afnet.release.xcconfig"; path = "Pods/Target Support Files/Pods-测试使用afnet/Pods-测试使用afnet.release.xcconfig"; sourceTree = "<group>"; };
		EF5F82CE5B14DDFEFCD49BFA /* Pods-测试使用afnet.debug.xcconfig */ = {isa = PBXFileReference; includeInIndex = 1; lastKnownFileType = text.xcconfig; name = "Pods-测试使用afnet.debug.xcconfig"; path = "Pods/Target Support Files/Pods-测试使用afnet/Pods-测试使用afnet.debug.xcconfig"; sourceTree = "<group>"; };
/* End PBXFileReference section */

/* Begin PBXFrameworksBuildPhase section */
		383319DB1C7E92BD00680903 /* Frameworks */ = {
			isa = PBXFrameworksBuildPhase;
			buildActionMask = 2147483647;
			files = (
				0B0821DE1C3067F6EA38B7A9 /* libPods-测试使用afnet.a in Frameworks */,
			);
			runOnlyForDeploymentPostprocessing = 0;
		};
		383319F41C7E92BD00680903 /* Frameworks */ = {
			isa = PBXFrameworksBuildPhase;
			buildActionMask = 2147483647;
			files = (
			);
			runOnlyForDeploymentPostprocessing = 0;
		};
		383319FF1C7E92BD00680903 /* Frameworks */ = {
			isa = PBXFrameworksBuildPhase;
			buildActionMask = 2147483647;
			files = (
			);
			runOnlyForDeploymentPostprocessing = 0;
		};
/* End PBXFrameworksBuildPhase section */

/* Begin PBXGroup section */
		383319D51C7E92BD00680903 = {
			isa = PBXGroup;
			children = (
				38D42DB01CBF2E4000E86544 /* THTouchIDManager */,
				38EB16821CA3C1E300C3C23B /* 效果.gif */,
				381317431C99491B007EADDB /* test.js */,
				383319E01C7E92BD00680903 /* 测试使用afnet */,
				383319FA1C7E92BD00680903 /* 测试使用afnetTests */,
				38331A051C7E92BD00680903 /* 测试使用afnetUITests */,
				383319DF1C7E92BD00680903 /* Products */,
				72B955189D182C441CF02BCE /* Pods */,
				D21192C7638A1AF45F992719 /* Frameworks */,
			);
			sourceTree = "<group>";
		};
		383319DF1C7E92BD00680903 /* Products */ = {
			isa = PBXGroup;
			children = (
				383319DE1C7E92BD00680903 /* 测试使用afnet.app */,
				383319F71C7E92BD00680903 /* 测试使用afnetTests.xctest */,
				38331A021C7E92BD00680903 /* 测试使用afnetUITests.xctest */,
			);
			name = Products;
			sourceTree = "<group>";
		};
		383319E01C7E92BD00680903 /* 测试使用afnet */ = {
			isa = PBXGroup;
			children = (
				381317421C9907BE007EADDB /* TestProtolDelegate.h */,
				383319E41C7E92BD00680903 /* AppDelegate.h */,
				383319E51C7E92BD00680903 /* AppDelegate.m */,
				38EB52A51C8FCEEC00C0C310 /* AppDelegate+abc.h */,
				38EB52A61C8FCEEC00C0C310 /* AppDelegate+abc.m */,
				383319E71C7E92BD00680903 /* ViewController.h */,
				383319E81C7E92BD00680903 /* ViewController.m */,
				38DE92C51CC9BB3100689567 /* Dog.h */,
				38DE92C61CC9BB3100689567 /* Dog.m */,
				38EC441A1CABC9CA0066F9BA /* THPageControl.h */,
				38EC441B1CABC9CA0066F9BA /* THPageControl.m */,
				3823A2A41CC619F20080D00D /* THActivityView.h */,
				3823A2A51CC619F20080D00D /* THActivityView.m */,
				383319EA1C7E92BD00680903 /* Main.storyboard */,
				383319ED1C7E92BD00680903 /* Assets.xcassets */,
				383319EF1C7E92BD00680903 /* LaunchScreen.storyboard */,
				383319F21C7E92BD00680903 /* Info.plist */,
				383319E11C7E92BD00680903 /* Supporting Files */,
				38EFD5A21C96881A00A3EBFA /* Localizable.strings */,
				38EBF3D71C979CB900A53A8B /* Header.h */,
			);
			path = "测试使用afnet";
			sourceTree = "<group>";
		};
		383319E11C7E92BD00680903 /* Supporting Files */ = {
			isa = PBXGroup;
			children = (
				383319E21C7E92BD00680903 /* main.m */,
			);
			name = "Supporting Files";
			sourceTree = "<group>";
		};
		383319FA1C7E92BD00680903 /* 测试使用afnetTests */ = {
			isa = PBXGroup;
			children = (
				383319FB1C7E92BD00680903 /* ____afnetTests.m */,
				383319FD1C7E92BD00680903 /* Info.plist */,
			);
			path = "测试使用afnetTests";
			sourceTree = "<group>";
		};
		38331A051C7E92BD00680903 /* 测试使用afnetUITests */ = {
			isa = PBXGroup;
			children = (
				38331A061C7E92BD00680903 /* ____afnetUITests.m */,
				38331A081C7E92BD00680903 /* Info.plist */,
			);
			path = "测试使用afnetUITests";
			sourceTree = "<group>";
		};
		38D42DB01CBF2E4000E86544 /* THTouchIDManager */ = {
			isa = PBXGroup;
			children = (
				38D42DB11CBF2E4000E86544 /* TouchIDManager.h */,
				38D42DB21CBF2E4000E86544 /* TouchIDManager.m */,
			);
			path = THTouchIDManager;
			sourceTree = "<group>";
		};
		72B955189D182C441CF02BCE /* Pods */ = {
			isa = PBXGroup;
			children = (
				EF5F82CE5B14DDFEFCD49BFA /* Pods-测试使用afnet.debug.xcconfig */,
				A13DA096A533D6159EB3A030 /* Pods-测试使用afnet.release.xcconfig */,
			);
			name = Pods;
			sourceTree = "<group>";
		};
		D21192C7638A1AF45F992719 /* Frameworks */ = {
			isa = PBXGroup;
			children = (
				95AFD9E190BD12DF9E4FCA03 /* libPods-测试使用afnet.a */,
			);
			name = Frameworks;
			sourceTree = "<group>";
		};
/* End PBXGroup section */

/* Begin PBXNativeTarget section */
		383319DD1C7E92BD00680903 /* 测试使用afnet */ = {
			isa = PBXNativeTarget;
			buildConfigurationList = 38331A0B1C7E92BD00680903 /* Build configuration list for PBXNativeTarget "测试使用afnet" */;
			buildPhases = (
				0ACB25BE29400BCF9390EA25 /* [CP] Check Pods Manifest.lock */,
				383319DA1C7E92BD00680903 /* Sources */,
				383319DB1C7E92BD00680903 /* Frameworks */,
				383319DC1C7E92BD00680903 /* Resources */,
				09C098D2522919DC935DA477 /* [CP] Embed Pods Frameworks */,
				F3C55F08E1501D6C554DC355 /* [CP] Copy Pods Resources */,
			);
			buildRules = (
			);
			dependencies = (
			);
			name = "测试使用afnet";
			productName = "测试使用afnet";
			productReference = 383319DE1C7E92BD00680903 /* 测试使用afnet.app */;
			productType = "com.apple.product-type.application";
		};
		383319F61C7E92BD00680903 /* 测试使用afnetTests */ = {
			isa = PBXNativeTarget;
			buildConfigurationList = 38331A0E1C7E92BD00680903 /* Build configuration list for PBXNativeTarget "测试使用afnetTests" */;
			buildPhases = (
				383319F31C7E92BD00680903 /* Sources */,
				383319F41C7E92BD00680903 /* Frameworks */,
				383319F51C7E92BD00680903 /* Resources */,
			);
			buildRules = (
			);
			dependencies = (
				383319F91C7E92BD00680903 /* PBXTargetDependency */,
			);
			name = "测试使用afnetTests";
			productName = "测试使用afnetTests";
			productReference = 383319F71C7E92BD00680903 /* 测试使用afnetTests.xctest */;
			productType = "com.apple.product-type.bundle.unit-test";
		};
		38331A011C7E92BD00680903 /* 测试使用afnetUITests */ = {
			isa = PBXNativeTarget;
			buildConfigurationList = 38331A111C7E92BD00680903 /* Build configuration list for PBXNativeTarget "测试使用afnetUITests" */;
			buildPhases = (
				383319FE1C7E92BD00680903 /* Sources */,
				383319FF1C7E92BD00680903 /* Frameworks */,
				38331A001C7E92BD00680903 /* Resources */,
			);
			buildRules = (
			);
			dependencies = (
				38331A041C7E92BD00680903 /* PBXTargetDependency */,
			);
			name = "测试使用afnetUITests";
			productName = "测试使用afnetUITests";
			productReference = 38331A021C7E92BD00680903 /* 测试使用afnetUITests.xctest */;
			productType = "com.apple.product-type.bundle.ui-testing";
		};
/* End PBXNativeTarget section */

/* Begin PBXProject section */
		383319D61C7E92BD00680903 /* Project object */ = {
			isa = PBXProject;
			attributes = {
				LastUpgradeCheck = 0720;
				ORGANIZATIONNAME = tairan;
				TargetAttributes = {
					383319DD1C7E92BD00680903 = {
						CreatedOnToolsVersion = 7.2;
					};
					383319F61C7E92BD00680903 = {
						CreatedOnToolsVersion = 7.2;
						TestTargetID = 383319DD1C7E92BD00680903;
					};
					38331A011C7E92BD00680903 = {
						CreatedOnToolsVersion = 7.2;
						TestTargetID = 383319DD1C7E92BD00680903;
					};
				};
			};
			buildConfigurationList = 383319D91C7E92BD00680903 /* Build configuration list for PBXProject "测试使用afnet" */;
			compatibilityVersion = "Xcode 3.2";
			developmentRegion = English;
			hasScannedForEncodings = 0;
			knownRegions = (
				en,
				Base,
				"zh-Hans",
				es,
			);
			mainGroup = 383319D51C7E92BD00680903;
			productRefGroup = 383319DF1C7E92BD00680903 /* Products */;
			projectDirPath = "";
			projectRoot = "";
			targets = (
				383319DD1C7E92BD00680903 /* 测试使用afnet */,
				383319F61C7E92BD00680903 /* 测试使用afnetTests */,
				38331A011C7E92BD00680903 /* 测试使用afnetUITests */,
			);
		};
/* End PBXProject section */

/* Begin PBXResourcesBuildPhase section */
		383319DC1C7E92BD00680903 /* Resources */ = {
			isa = PBXResourcesBuildPhase;
			buildActionMask = 2147483647;
			files = (
				381317441C99491B007EADDB /* test.js in Resources */,
				383319F11C7E92BD00680903 /* LaunchScreen.storyboard in Resources */,
				38EFD5A01C96881A00A3EBFA /* Localizable.strings in Resources */,
				383319EE1C7E92BD00680903 /* Assets.xcassets in Resources */,
				38EB16831CA3C1E300C3C23B /* 效果.gif in Resources */,
				383319EC1C7E92BD00680903 /* Main.storyboard in Resources */,
			);
			runOnlyForDeploymentPostprocessing = 0;
		};
		383319F51C7E92BD00680903 /* Resources */ = {
			isa = PBXResourcesBuildPhase;
			buildActionMask = 2147483647;
			files = (
			);
			runOnlyForDeploymentPostprocessing = 0;
		};
		38331A001C7E92BD00680903 /* Resources */ = {
			isa = PBXResourcesBuildPhase;
			buildActionMask = 2147483647;
			files = (
			);
			runOnlyForDeploymentPostprocessing = 0;
		};
/* End PBXResourcesBuildPhase section */

/* Begin PBXShellScriptBuildPhase section */
		09C098D2522919DC935DA477 /* [CP] Embed Pods Frameworks */ = {
			isa = PBXShellScriptBuildPhase;
			buildActionMask = 2147483647;
			files = (
			);
			inputPaths = (
			);
			name = "[CP] Embed Pods Frameworks";
			outputPaths = (
			);
			runOnlyForDeploymentPostprocessing = 0;
			shellPath = /bin/sh;
			shellScript = "\"${SRCROOT}/Pods/Target Support Files/Pods-测试使用afnet/Pods-测试使用afnet-frameworks.sh\"\n";
			showEnvVarsInLog = 0;
		};
		0ACB25BE29400BCF9390EA25 /* [CP] Check Pods Manifest.lock */ = {
			isa = PBXShellScriptBuildPhase;
			buildActionMask = 2147483647;
			files = (
			);
			inputPaths = (
			);
			name = "[CP] Check Pods Manifest.lock";
			outputPaths = (
			);
			runOnlyForDeploymentPostprocessing = 0;
			shellPath = /bin/sh;
			shellScript = "diff \"${PODS_ROOT}/../Podfile.lock\" \"${PODS_ROOT}/Manifest.lock\" > /dev/null\nif [[ $? != 0 ]] ; then\n    cat << EOM\nerror: The sandbox is not in sync with the Podfile.lock. Run 'pod install' or update your CocoaPods installation.\nEOM\n    exit 1\nfi\n";
			showEnvVarsInLog = 0;
		};
		F3C55F08E1501D6C554DC355 /* [CP] Copy Pods Resources */ = {
			isa = PBXShellScriptBuildPhase;
			buildActionMask = 2147483647;
			files = (
			);
			inputPaths = (
			);
			name = "[CP] Copy Pods Resources";
			outputPaths = (
			);
			runOnlyForDeploymentPostprocessing = 0;
			shellPath = /bin/sh;
			shellScript = "\"${SRCROOT}/Pods/Target Support Files/Pods-测试使用afnet/Pods-测试使用afnet-resources.sh\"\n";
			showEnvVarsInLog = 0;
		};
/* End PBXShellScriptBuildPhase section */

/* Begin PBXSourcesBuildPhase section */
		383319DA1C7E92BD00680903 /* Sources */ = {
			isa = PBXSourcesBuildPhase;
			buildActionMask = 2147483647;
			files = (
				38D42DB31CBF2E4000E86544 /* TouchIDManager.m in Sources */,
				383319E91C7E92BD00680903 /* ViewController.m in Sources */,
				38DE92C71CC9BB3100689567 /* Dog.m in Sources */,
				38EC441C1CABC9CA0066F9BA /* THPageControl.m in Sources */,
				38EB52A71C8FCEEC00C0C310 /* AppDelegate+abc.m in Sources */,
				383319E61C7E92BD00680903 /* AppDelegate.m in Sources */,
				3823A2A61CC619F20080D00D /* THActivityView.m in Sources */,
				383319E31C7E92BD00680903 /* main.m in Sources */,
			);
			runOnlyForDeploymentPostprocessing = 0;
		};
		383319F31C7E92BD00680903 /* Sources */ = {
			isa = PBXSourcesBuildPhase;
			buildActionMask = 2147483647;
			files = (
				383319FC1C7E92BD00680903 /* ____afnetTests.m in Sources */,
			);
			runOnlyForDeploymentPostprocessing = 0;
		};
		383319FE1C7E92BD00680903 /* Sources */ = {
			isa = PBXSourcesBuildPhase;
			buildActionMask = 2147483647;
			files = (
				38331A071C7E92BD00680903 /* ____afnetUITests.m in Sources */,
			);
			runOnlyForDeploymentPostprocessing = 0;
		};
/* End PBXSourcesBuildPhase section */

/* Begin PBXTargetDependency section */
		383319F91C7E92BD00680903 /* PBXTargetDependency */ = {
			isa = PBXTargetDependency;
			target = 383319DD1C7E92BD00680903 /* 测试使用afnet */;
			targetProxy = 383319F81C7E92BD00680903 /* PBXContainerItemProxy */;
		};
		38331A041C7E92BD00680903 /* PBXTargetDependency */ = {
			isa = PBXTargetDependency;
			target = 383319DD1C7E92BD00680903 /* 测试使用afnet */;
			targetProxy = 38331A031C7E92BD00680903 /* PBXContainerItemProxy */;
		};
/* End PBXTargetDependency section */

/* Begin PBXVariantGroup section */
		383319EA1C7E92BD00680903 /* Main.storyboard */ = {
			isa = PBXVariantGroup;
			children = (
				383319EB1C7E92BD00680903 /* Base */,
				38EFD5A41C96887700A3EBFA /* zh-Hans */,
				38EFD5A61C96891800A3EBFA /* es */,
			);
			name = Main.storyboard;
			sourceTree = "<group>";
		};
		383319EF1C7E92BD00680903 /* LaunchScreen.storyboard */ = {
			isa = PBXVariantGroup;
			children = (
				383319F01C7E92BD00680903 /* Base */,
				38EFD5A51C96887700A3EBFA /* zh-Hans */,
				38EFD5A71C96891800A3EBFA /* es */,
			);
			name = LaunchScreen.storyboard;
			sourceTree = "<group>";
		};
		38EFD5A21C96881A00A3EBFA /* Localizable.strings */ = {
			isa = PBXVariantGroup;
			children = (
				38EFD5A11C96881A00A3EBFA /* en */,
				38EFD5A31C96887700A3EBFA /* zh-Hans */,
				38EFD5A81C96891800A3EBFA /* es */,
			);
			name = Localizable.strings;
			sourceTree = "<group>";
		};
/* End PBXVariantGroup section */

/* Begin XCBuildConfiguration section */
		38331A091C7E92BD00680903 /* Debug */ = {
			isa = XCBuildConfiguration;
			buildSettings = {
				ALWAYS_SEARCH_USER_PATHS = NO;
				CLANG_CXX_LANGUAGE_STANDARD = "gnu++0x";
				CLANG_CXX_LIBRARY = "libc++";
				CLANG_ENABLE_MODULES = YES;
				CLANG_ENABLE_OBJC_ARC = YES;
				CLANG_WARN_BOOL_CONVERSION = YES;
				CLANG_WARN_CONSTANT_CONVERSION = YES;
				CLANG_WARN_DIRECT_OBJC_ISA_USAGE = YES_ERROR;
				CLANG_WARN_EMPTY_BODY = YES;
				CLANG_WARN_ENUM_CONVERSION = YES;
				CLANG_WARN_INT_CONVERSION = YES;
				CLANG_WARN_OBJC_ROOT_CLASS = YES_ERROR;
				CLANG_WARN_UNREACHABLE_CODE = YES;
				CLANG_WARN__DUPLICATE_METHOD_MATCH = YES;
				"CODE_SIGN_IDENTITY[sdk=iphoneos*]" = "iPhone Developer";
				COPY_PHASE_STRIP = NO;
				DEBUG_INFORMATION_FORMAT = dwarf;
				ENABLE_STRICT_OBJC_MSGSEND = YES;
				ENABLE_TESTABILITY = YES;
				GCC_C_LANGUAGE_STANDARD = gnu99;
				GCC_DYNAMIC_NO_PIC = NO;
				GCC_NO_COMMON_BLOCKS = YES;
				GCC_OPTIMIZATION_LEVEL = 0;
				GCC_PREPROCESSOR_DEFINITIONS = (
					"DEBUG=1",
					"$(inherited)",
				);
				GCC_WARN_64_TO_32_BIT_CONVERSION = YES;
				GCC_WARN_ABOUT_RETURN_TYPE = YES_ERROR;
				GCC_WARN_UNDECLARED_SELECTOR = YES;
				GCC_WARN_UNINITIALIZED_AUTOS = YES_AGGRESSIVE;
				GCC_WARN_UNUSED_FUNCTION = YES;
				GCC_WARN_UNUSED_VARIABLE = YES;
				IPHONEOS_DEPLOYMENT_TARGET = 9.2;
				MTL_ENABLE_DEBUG_INFO = YES;
				ONLY_ACTIVE_ARCH = YES;
				SDKROOT = iphoneos;
				TARGETED_DEVICE_FAMILY = "1,2";
			};
			name = Debug;
		};
		38331A0A1C7E92BD00680903 /* Release */ = {
			isa = XCBuildConfiguration;
			buildSettings = {
				ALWAYS_SEARCH_USER_PATHS = NO;
				CLANG_CXX_LANGUAGE_STANDARD = "gnu++0x";
				CLANG_CXX_LIBRARY = "libc++";
				CLANG_ENABLE_MODULES = YES;
				CLANG_ENABLE_OBJC_ARC = YES;
				CLANG_WARN_BOOL_CONVERSION = YES;
				CLANG_WARN_CONSTANT_CONVERSION = YES;
				CLANG_WARN_DIRECT_OBJC_ISA_USAGE = YES_ERROR;
				CLANG_WARN_EMPTY_BODY = YES;
				CLANG_WARN_ENUM_CONVERSION = YES;
				CLANG_WARN_INT_CONVERSION = YES;
				CLANG_WARN_OBJC_ROOT_CLASS = YES_ERROR;
				CLANG_WARN_UNREACHABLE_CODE = YES;
				CLANG_WARN__DUPLICATE_METHOD_MATCH = YES;
				"CODE_SIGN_IDENTITY[sdk=iphoneos*]" = "iPhone Developer";
				COPY_PHASE_STRIP = NO;
				DEBUG_INFORMATION_FORMAT = "dwarf-with-dsym";
				ENABLE_NS_ASSERTIONS = NO;
				ENABLE_STRICT_OBJC_MSGSEND = YES;
				GCC_C_LANGUAGE_STANDARD = gnu99;
				GCC_NO_COMMON_BLOCKS = YES;
				GCC_WARN_64_TO_32_BIT_CONVERSION = YES;
				GCC_WARN_ABOUT_RETURN_TYPE = YES_ERROR;
				GCC_WARN_UNDECLARED_SELECTOR = YES;
				GCC_WARN_UNINITIALIZED_AUTOS = YES_AGGRESSIVE;
				GCC_WARN_UNUSED_FUNCTION = YES;
				GCC_WARN_UNUSED_VARIABLE = YES;
				IPHONEOS_DEPLOYMENT_TARGET = 9.2;
				MTL_ENABLE_DEBUG_INFO = NO;
				SDKROOT = iphoneos;
				TARGETED_DEVICE_FAMILY = "1,2";
				VALIDATE_PRODUCT = YES;
			};
			name = Release;
		};
		38331A0C1C7E92BD00680903 /* Debug */ = {
			isa = XCBuildConfiguration;
			baseConfigurationReference = EF5F82CE5B14DDFEFCD49BFA /* Pods-测试使用afnet.debug.xcconfig */;
			buildSettings = {
				ASSETCATALOG_COMPILER_APPICON_NAME = AppIcon;
				CODE_SIGN_IDENTITY = "iPhone Developer";
				INFOPLIST_FILE = "测试使用afnet/Info.plist";
				LD_RUNPATH_SEARCH_PATHS = "$(inherited) @executable_path/Frameworks";
				PRODUCT_BUNDLE_IDENTIFIER = "com.tairan.----afnet";
				PRODUCT_NAME = "$(TARGET_NAME)";
				SDKROOT = iphoneos;
			};
			name = Debug;
		};
		38331A0D1C7E92BD00680903 /* Release */ = {
			isa = XCBuildConfiguration;
			baseConfigurationReference = A13DA096A533D6159EB3A030 /* Pods-测试使用afnet.release.xcconfig */;
			buildSettings = {
				ASSETCATALOG_COMPILER_APPICON_NAME = AppIcon;
				CODE_SIGN_IDENTITY = "iPhone Developer";
				INFOPLIST_FILE = "测试使用afnet/Info.plist";
				LD_RUNPATH_SEARCH_PATHS = "$(inherited) @executable_path/Frameworks";
				PRODUCT_BUNDLE_IDENTIFIER = "com.tairan.----afnet";
				PRODUCT_NAME = "$(TARGET_NAME)";
				SDKROOT = iphoneos;
			};
			name = Release;
		};
		38331A0F1C7E92BD00680903 /* Debug */ = {
			isa = XCBuildConfiguration;
			buildSettings = {
				BUNDLE_LOADER = "$(TEST_HOST)";
				INFOPLIST_FILE = "测试使用afnetTests/Info.plist";
				LD_RUNPATH_SEARCH_PATHS = "$(inherited) @executable_path/Frameworks @loader_path/Frameworks";
				PRODUCT_BUNDLE_IDENTIFIER = "com.tairan.----afnetTests";
				PRODUCT_NAME = "$(TARGET_NAME)";
				TEST_HOST = "$(BUILT_PRODUCTS_DIR)/测试使用afnet.app/测试使用afnet";
			};
			name = Debug;
		};
		38331A101C7E92BD00680903 /* Release */ = {
			isa = XCBuildConfiguration;
			buildSettings = {
				BUNDLE_LOADER = "$(TEST_HOST)";
				INFOPLIST_FILE = "测试使用afnetTests/Info.plist";
				LD_RUNPATH_SEARCH_PATHS = "$(inherited) @executable_path/Frameworks @loader_path/Frameworks";
				PRODUCT_BUNDLE_IDENTIFIER = "com.tairan.----afnetTests";
				PRODUCT_NAME = "$(TARGET_NAME)";
				TEST_HOST = "$(BUILT_PRODUCTS_DIR)/测试使用afnet.app/测试使用afnet";
			};
			name = Release;
		};
		38331A121C7E92BD00680903 /* Debug */ = {
			isa = XCBuildConfiguration;
			buildSettings = {
				INFOPLIST_FILE = "测试使用afnetUITests/Info.plist";
				LD_RUNPATH_SEARCH_PATHS = "$(inherited) @executable_path/Frameworks @loader_path/Frameworks";
				PRODUCT_BUNDLE_IDENTIFIER = "com.tairan.----afnetUITests";
				PRODUCT_NAME = "$(TARGET_NAME)";
				TEST_TARGET_NAME = "测试使用afnet";
				USES_XCTRUNNER = YES;
			};
			name = Debug;
		};
		38331A131C7E92BD00680903 /* Release */ = {
			isa = XCBuildConfiguration;
			buildSettings = {
				INFOPLIST_FILE = "测试使用afnetUITests/Info.plist";
				LD_RUNPATH_SEARCH_PATHS = "$(inherited) @executable_path/Frameworks @loader_path/Frameworks";
				PRODUCT_BUNDLE_IDENTIFIER = "com.tairan.----afnetUITests";
				PRODUCT_NAME = "$(TARGET_NAME)";
				TEST_TARGET_NAME = "测试使用afnet";
				USES_XCTRUNNER = YES;
			};
			name = Release;
		};
/* End XCBuildConfiguration section */

/* Begin XCConfigurationList section */
		383319D91C7E92BD00680903 /* Build configuration list for PBXProject "测试使用afnet" */ = {
			isa = XCConfigurationList;
			buildConfigurations = (
				38331A091C7E92BD00680903 /* Debug */,
				38331A0A1C7E92BD00680903 /* Release */,
			);
			defaultConfigurationIsVisible = 0;
			defaultConfigurationName = Release;
		};
		38331A0B1C7E92BD00680903 /* Build configuration list for PBXNativeTarget "测试使用afnet" */ = {
			isa = XCConfigurationList;
			buildConfigurations = (
				38331A0C1C7E92BD00680903 /* Debug */,
				38331A0D1C7E92BD00680903 /* Release */,
			);
			defaultConfigurationIsVisible = 0;
			defaultConfigurationName = Release;
		};
		38331A0E1C7E92BD00680903 /* Build configuration list for PBXNativeTarget "测试使用afnetTests" */ = {
			isa = XCConfigurationList;
			buildConfigurations = (
				38331A0F1C7E92BD00680903 /* Debug */,
				38331A101C7E92BD00680903 /* Release */,
			);
			defaultConfigurationIsVisible = 0;
			defaultConfigurationName = Release;
		};
		38331A111C7E92BD00680903 /* Build configuration list for PBXNativeTarget "测试使用afnetUITests" */ = {
			isa = XCConfigurationList;
			buildConfigurations = (
				38331A121C7E92BD00680903 /* Debug */,
				38331A131C7E92BD00680903 /* Release */,
			);
			defaultConfigurationIsVisible = 0;
			defaultConfigurationName = Release;
		};
/* End XCConfigurationList section */
	};
	rootObject = 383319D61C7E92BD00680903 /* Project object */;
}
